// !$*UTF8*$!
{
	archiveVersion = 1;
	classes = {
	};
	objectVersion = 50;
	objects = {

/* Begin PBXBuildFile section */
		4E46F5C4248DC8C40056A6CD /* Makefile in Sources */ = {isa = PBXBuildFile; fileRef = 4E46F5C3248DC8C40056A6CD /* Makefile */; };
		4E9944FF24894C4400B7B1E9 /* Deck.cpp in Sources */ = {isa = PBXBuildFile; fileRef = 4E9944F824894C4300B7B1E9 /* Deck.cpp */; };
		4E99450024894C4400B7B1E9 /* Attack.cpp in Sources */ = {isa = PBXBuildFile; fileRef = 4E9944F924894C4300B7B1E9 /* Attack.cpp */; };
		4E99450224894C4400B7B1E9 /* Card.cpp in Sources */ = {isa = PBXBuildFile; fileRef = 4E9944FD24894C4400B7B1E9 /* Card.cpp */; };
		4EE0AA5D248B2D30005B688E /* Mythic.cpp in Sources */ = {isa = PBXBuildFile; fileRef = 4EE0AA5C248B2D30005B688E /* Mythic.cpp */; };
		4EF8304F248B0C05004E154A /* Battle.cpp in Sources */ = {isa = PBXBuildFile; fileRef = 4EF8304E248B0C05004E154A /* Battle.cpp */; };
		4EF83051248B1E31004E154A /* Warrior.cpp in Sources */ = {isa = PBXBuildFile; fileRef = 4E9945062489998800B7B1E9 /* Warrior.cpp */; };
/* End PBXBuildFile section */

/* Begin PBXCopyFilesBuildPhase section */
		4EA2EF7724894BC70006D287 /* CopyFiles */ = {
			isa = PBXCopyFilesBuildPhase;
			buildActionMask = 2147483647;
			dstPath = /usr/share/man/man1/;
			dstSubfolderSpec = 0;
			files = (
			);
			runOnlyForDeploymentPostprocessing = 1;
		};
/* End PBXCopyFilesBuildPhase section */

/* Begin PBXFileReference section */
		4E46F5C3248DC8C40056A6CD /* Makefile */ = {isa = PBXFileReference; lastKnownFileType = sourcecode.make; path = Makefile; sourceTree = "<group>"; };
		4E9944F624894C4300B7B1E9 /* Attack.h */ = {isa = PBXFileReference; fileEncoding = 4; lastKnownFileType = sourcecode.c.h; path = Attack.h; sourceTree = "<group>"; };
		4E9944F724894C4300B7B1E9 /* attack_tests.cpp */ = {isa = PBXFileReference; fileEncoding = 4; lastKnownFileType = sourcecode.cpp.cpp; path = attack_tests.cpp; sourceTree = "<group>"; };
		4E9944F824894C4300B7B1E9 /* Deck.cpp */ = {isa = PBXFileReference; fileEncoding = 4; lastKnownFileType = sourcecode.cpp.cpp; path = Deck.cpp; sourceTree = "<group>"; };
		4E9944F924894C4300B7B1E9 /* Attack.cpp */ = {isa = PBXFileReference; fileEncoding = 4; lastKnownFileType = sourcecode.cpp.cpp; path = Attack.cpp; sourceTree = "<group>"; };
		4E9944FA24894C4300B7B1E9 /* card_tests.cpp */ = {isa = PBXFileReference; fileEncoding = 4; lastKnownFileType = sourcecode.cpp.cpp; path = card_tests.cpp; sourceTree = "<group>"; };
		4E9944FB24894C4400B7B1E9 /* Card.h */ = {isa = PBXFileReference; fileEncoding = 4; lastKnownFileType = sourcecode.c.h; path = Card.h; sourceTree = "<group>"; };
		4E9944FC24894C4400B7B1E9 /* Deck.h */ = {isa = PBXFileReference; fileEncoding = 4; lastKnownFileType = sourcecode.c.h; path = Deck.h; sourceTree = "<group>"; };
		4E9944FD24894C4400B7B1E9 /* Card.cpp */ = {isa = PBXFileReference; fileEncoding = 4; lastKnownFileType = sourcecode.cpp.cpp; path = Card.cpp; sourceTree = "<group>"; };
		4E994503248987F400B7B1E9 /* deck_tests.cpp */ = {isa = PBXFileReference; lastKnownFileType = sourcecode.cpp.cpp; path = deck_tests.cpp; sourceTree = "<group>"; };
		4E9945052489985B00B7B1E9 /* Warrior.h */ = {isa = PBXFileReference; lastKnownFileType = sourcecode.c.h; path = Warrior.h; sourceTree = "<group>"; };
		4E9945062489998800B7B1E9 /* Warrior.cpp */ = {isa = PBXFileReference; lastKnownFileType = sourcecode.cpp.cpp; path = Warrior.cpp; sourceTree = "<group>"; };
		4EA2EF7924894BC70006D287 /* Cards */ = {isa = PBXFileReference; explicitFileType = "compiled.mach-o.executable"; includeInIndex = 0; path = Cards; sourceTree = BUILT_PRODUCTS_DIR; };
		4EE0AA5C248B2D30005B688E /* Mythic.cpp */ = {isa = PBXFileReference; lastKnownFileType = sourcecode.cpp.cpp; path = Mythic.cpp; sourceTree = "<group>"; };
		4EF8304E248B0C05004E154A /* Battle.cpp */ = {isa = PBXFileReference; lastKnownFileType = sourcecode.cpp.cpp; path = Battle.cpp; sourceTree = "<group>"; };
		4EF83050248B0C6A004E154A /* Battle.h */ = {isa = PBXFileReference; lastKnownFileType = sourcecode.c.h; path = Battle.h; sourceTree = "<group>"; };
/* End PBXFileReference section */

/* Begin PBXFrameworksBuildPhase section */
		4EA2EF7624894BC70006D287 /* Frameworks */ = {
			isa = PBXFrameworksBuildPhase;
			buildActionMask = 2147483647;
			files = (
			);
			runOnlyForDeploymentPostprocessing = 0;
		};
/* End PBXFrameworksBuildPhase section */

/* Begin PBXGroup section */
		4EA2EF7024894BC70006D287 = {
			isa = PBXGroup;
			children = (
				4E9944F624894C4300B7B1E9 /* Attack.h */,
				4E9944F924894C4300B7B1E9 /* Attack.cpp */,
				4E9944FB24894C4400B7B1E9 /* Card.h */,
				4E9944FD24894C4400B7B1E9 /* Card.cpp */,
				4E9944FC24894C4400B7B1E9 /* Deck.h */,
				4E9944F824894C4300B7B1E9 /* Deck.cpp */,
				4E9945052489985B00B7B1E9 /* Warrior.h */,
				4E9945062489998800B7B1E9 /* Warrior.cpp */,
				4E46F5C3248DC8C40056A6CD /* Makefile */,
				4EF83050248B0C6A004E154A /* Battle.h */,
				4EF8304E248B0C05004E154A /* Battle.cpp */,
				4EE0AA5C248B2D30005B688E /* Mythic.cpp */,
				4E9944F724894C4300B7B1E9 /* attack_tests.cpp */,
				4E9944FA24894C4300B7B1E9 /* card_tests.cpp */,
				4E994503248987F400B7B1E9 /* deck_tests.cpp */,
				4EA2EF7A24894BC70006D287 /* Products */,
			);
			sourceTree = "<group>";
		};
		4EA2EF7A24894BC70006D287 /* Products */ = {
			isa = PBXGroup;
			children = (
				4EA2EF7924894BC70006D287 /* Cards */,
			);
			name = Products;
			sourceTree = "<group>";
		};
/* End PBXGroup section */

/* Begin PBXNativeTarget section */
		4EA2EF7824894BC70006D287 /* Cards */ = {
			isa = PBXNativeTarget;
			buildConfigurationList = 4EA2EF8024894BC70006D287 /* Build configuration list for PBXNativeTarget "Cards" */;
			buildPhases = (
				4EA2EF7524894BC70006D287 /* Sources */,
				4EA2EF7624894BC70006D287 /* Frameworks */,
				4EA2EF7724894BC70006D287 /* CopyFiles */,
			);
			buildRules = (
			);
			dependencies = (
			);
			name = Cards;
			productName = Cards;
			productReference = 4EA2EF7924894BC70006D287 /* Cards */;
			productType = "com.apple.product-type.tool";
		};
/* End PBXNativeTarget section */

/* Begin PBXProject section */
		4EA2EF7124894BC70006D287 /* Project object */ = {
			isa = PBXProject;
			attributes = {
				LastUpgradeCheck = 1030;
				ORGANIZATIONNAME = "Sisir Potluri";
				TargetAttributes = {
					4EA2EF7824894BC70006D287 = {
						CreatedOnToolsVersion = 10.3;
					};
				};
			};
			buildConfigurationList = 4EA2EF7424894BC70006D287 /* Build configuration list for PBXProject "Cards" */;
			compatibilityVersion = "Xcode 9.3";
			developmentRegion = en;
			hasScannedForEncodings = 0;
			knownRegions = (
				en,
			);
			mainGroup = 4EA2EF7024894BC70006D287;
			productRefGroup = 4EA2EF7A24894BC70006D287 /* Products */;
			projectDirPath = "";
			projectRoot = "";
			targets = (
				4EA2EF7824894BC70006D287 /* Cards */,
			);
		};
/* End PBXProject section */

/* Begin PBXSourcesBuildPhase section */
		4EA2EF7524894BC70006D287 /* Sources */ = {
			isa = PBXSourcesBuildPhase;
			buildActionMask = 2147483647;
			files = (
				4E9944FF24894C4400B7B1E9 /* Deck.cpp in Sources */,
				4E99450024894C4400B7B1E9 /* Attack.cpp in Sources */,
				4EF83051248B1E31004E154A /* Warrior.cpp in Sources */,
				4E99450224894C4400B7B1E9 /* Card.cpp in Sources */,
				4EF8304F248B0C05004E154A /* Battle.cpp in Sources */,
				4E46F5C4248DC8C40056A6CD /* Makefile in Sources */,
				4EE0AA5D248B2D30005B688E /* Mythic.cpp in Sources */,
			);
			runOnlyForDeploymentPostprocessing = 0;
		};
/* End PBXSourcesBuildPhase section */

/* Begin XCBuildConfiguration section */
		4EA2EF7E24894BC70006D287 /* Debug */ = {
			isa = XCBuildConfiguration;
			buildSettings = {
				ALWAYS_SEARCH_USER_PATHS = NO;
				CLANG_ANALYZER_NONNULL = YES;
				CLANG_ANALYZER_NUMBER_OBJECT_CONVERSION = YES_AGGRESSIVE;
				CLANG_CXX_LANGUAGE_STANDARD = "gnu++14";
				CLANG_CXX_LIBRARY = "libc++";
				CLANG_ENABLE_MODULES = YES;
				CLANG_ENABLE_OBJC_ARC = YES;
				CLANG_ENABLE_OBJC_WEAK = YES;
				CLANG_WARN_BLOCK_CAPTURE_AUTORELEASING = YES;
				CLANG_WARN_BOOL_CONVERSION = YES;
				CLANG_WARN_COMMA = YES;
				CLANG_WARN_CONSTANT_CONVERSION = YES;
				CLANG_WARN_DEPRECATED_OBJC_IMPLEMENTATIONS = YES;
				CLANG_WARN_DIRECT_OBJC_ISA_USAGE = YES_ERROR;
				CLANG_WARN_DOCUMENTATION_COMMENTS = YES;
				CLANG_WARN_EMPTY_BODY = YES;
				CLANG_WARN_ENUM_CONVERSION = YES;
				CLANG_WARN_INFINITE_RECURSION = YES;
				CLANG_WARN_INT_CONVERSION = YES;
				CLANG_WARN_NON_LITERAL_NULL_CONVERSION = YES;
				CLANG_WARN_OBJC_IMPLICIT_RETAIN_SELF = YES;
				CLANG_WARN_OBJC_LITERAL_CONVERSION = YES;
				CLANG_WARN_OBJC_ROOT_CLASS = YES_ERROR;
				CLANG_WARN_RANGE_LOOP_ANALYSIS = YES;
				CLANG_WARN_STRICT_PROTOTYPES = YES;
				CLANG_WARN_SUSPICIOUS_MOVE = YES;
				CLANG_WARN_UNGUARDED_AVAILABILITY = YES_AGGRESSIVE;
				CLANG_WARN_UNREACHABLE_CODE = YES;
				CLANG_WARN__DUPLICATE_METHOD_MATCH = YES;
				CODE_SIGN_IDENTITY = "-";
				COPY_PHASE_STRIP = NO;
				DEBUG_INFORMATION_FORMAT = dwarf;
				ENABLE_STRICT_OBJC_MSGSEND = YES;
				ENABLE_TESTABILITY = YES;
				GCC_C_LANGUAGE_STANDARD = gnu11;
				GCC_DYNAMIC_NO_PIC = NO;
				GCC_NO_COMMON_BLOCKS = YES;
				GCC_OPTIMIZATION_LEVEL = 0;
				GCC_PREPROCESSOR_DEFINITIONS = (
					"DEBUG=1",
					"$(inherited)",
				);
				GCC_WARN_64_TO_32_BIT_CONVERSION = YES;
				GCC_WARN_ABOUT_RETURN_TYPE = YES_ERROR;
				GCC_WARN_UNDECLARED_SELECTOR = YES;
				GCC_WARN_UNINITIALIZED_AUTOS = YES_AGGRESSIVE;
				GCC_WARN_UNUSED_FUNCTION = YES;
				GCC_WARN_UNUSED_VARIABLE = YES;
				MACOSX_DEPLOYMENT_TARGET = 10.15;
				MTL_ENABLE_DEBUG_INFO = INCLUDE_SOURCE;
				MTL_FAST_MATH = YES;
				ONLY_ACTIVE_ARCH = YES;
				SDKROOT = macosx;
			};
			name = Debug;
		};
		4EA2EF7F24894BC70006D287 /* Release */ = {
			isa = XCBuildConfiguration;
			buildSettings = {
				ALWAYS_SEARCH_USER_PATHS = NO;
				CLANG_ANALYZER_NONNULL = YES;
				CLANG_ANALYZER_NUMBER_OBJECT_CONVERSION = YES_AGGRESSIVE;
				CLANG_CXX_LANGUAGE_STANDARD = "gnu++14";
				CLANG_CXX_LIBRARY = "libc++";
				CLANG_ENABLE_MODULES = YES;
				CLANG_ENABLE_OBJC_ARC = YES;
				CLANG_ENABLE_OBJC_WEAK = YES;
				CLANG_WARN_BLOCK_CAPTURE_AUTORELEASING = YES;
				CLANG_WARN_BOOL_CONVERSION = YES;
				CLANG_WARN_COMMA = YES;
				CLANG_WARN_CONSTANT_CONVERSION = YES;
				CLANG_WARN_DEPRECATED_OBJC_IMPLEMENTATIONS = YES;
				CLANG_WARN_DIRECT_OBJC_ISA_USAGE = YES_ERROR;
				CLANG_WARN_DOCUMENTATION_COMMENTS = YES;
				CLANG_WARN_EMPTY_BODY = YES;
				CLANG_WARN_ENUM_CONVERSION = YES;
				CLANG_WARN_INFINITE_RECURSION = YES;
				CLANG_WARN_INT_CONVERSION = YES;
				CLANG_WARN_NON_LITERAL_NULL_CONVERSION = YES;
				CLANG_WARN_OBJC_IMPLICIT_RETAIN_SELF = YES;
				CLANG_WARN_OBJC_LITERAL_CONVERSION = YES;
				CLANG_WARN_OBJC_ROOT_CLASS = YES_ERROR;
				CLANG_WARN_RANGE_LOOP_ANALYSIS = YES;
				CLANG_WARN_STRICT_PROTOTYPES = YES;
				CLANG_WARN_SUSPICIOUS_MOVE = YES;
				CLANG_WARN_UNGUARDED_AVAILABILITY = YES_AGGRESSIVE;
				CLANG_WARN_UNREACHABLE_CODE = YES;
				CLANG_WARN__DUPLICATE_METHOD_MATCH = YES;
				CODE_SIGN_IDENTITY = "-";
				COPY_PHASE_STRIP = NO;
				DEBUG_INFORMATION_FORMAT = "dwarf-with-dsym";
				ENABLE_NS_ASSERTIONS = NO;
				ENABLE_STRICT_OBJC_MSGSEND = YES;
				GCC_C_LANGUAGE_STANDARD = gnu11;
				GCC_NO_COMMON_BLOCKS = YES;
				GCC_WARN_64_TO_32_BIT_CONVERSION = YES;
				GCC_WARN_ABOUT_RETURN_TYPE = YES_ERROR;
				GCC_WARN_UNDECLARED_SELECTOR = YES;
				GCC_WARN_UNINITIALIZED_AUTOS = YES_AGGRESSIVE;
				GCC_WARN_UNUSED_FUNCTION = YES;
				GCC_WARN_UNUSED_VARIABLE = YES;
				MACOSX_DEPLOYMENT_TARGET = 10.15;
				MTL_ENABLE_DEBUG_INFO = NO;
				MTL_FAST_MATH = YES;
				SDKROOT = macosx;
			};
			name = Release;
		};
		4EA2EF8124894BC70006D287 /* Debug */ = {
			isa = XCBuildConfiguration;
			buildSettings = {
				CODE_SIGN_STYLE = Automatic;
				PRODUCT_NAME = "$(TARGET_NAME)";
			};
			name = Debug;
		};
		4EA2EF8224894BC70006D287 /* Release */ = {
			isa = XCBuildConfiguration;
			buildSettings = {
				CODE_SIGN_STYLE = Automatic;
				PRODUCT_NAME = "$(TARGET_NAME)";
			};
			name = Release;
		};
/* End XCBuildConfiguration section */

/* Begin XCConfigurationList section */
		4EA2EF7424894BC70006D287 /* Build configuration list for PBXProject "Cards" */ = {
			isa = XCConfigurationList;
			buildConfigurations = (
				4EA2EF7E24894BC70006D287 /* Debug */,
				4EA2EF7F24894BC70006D287 /* Release */,
			);
			defaultConfigurationIsVisible = 0;
			defaultConfigurationName = Release;
		};
		4EA2EF8024894BC70006D287 /* Build configuration list for PBXNativeTarget "Cards" */ = {
			isa = XCConfigurationList;
			buildConfigurations = (
				4EA2EF8124894BC70006D287 /* Debug */,
				4EA2EF8224894BC70006D287 /* Release */,
			);
			defaultConfigurationIsVisible = 0;
			defaultConfigurationName = Release;
		};
/* End XCConfigurationList section */
	};
	rootObject = 4EA2EF7124894BC70006D287 /* Project object */;
}
